{
  "version": 4,
  "terraform_version": "1.12.1",
  "serial": 1,
  "lineage": "1314d6a8-ebee-bcfe-52a1-cf65b5f8bf97",
  "outputs": {
    "aks_cluster_name": {
      "value": "khushiaks",
      "type": "string"
    }
  },
  "resources": [
    {
      "mode": "managed",
      "type": "azurerm_resource_group",
      "name": "rg",
      "provider": "provider[\"registry.terraform.io/hashicorp/azurerm\"]",
      "instances": [
        {
          "schema_version": 0,
          "attributes": {
            "id": "/subscriptions/23774a2f-cbc0-4b0a-8ac2-c3375e8ac4a2/resourceGroups/expense-rg",
            "location": "eastus2",
            "managed_by": "",
            "name": "expense-rg",
            "tags": null,
            "timeouts": null
          },
          "sensitive_attributes": [],
          "identity_schema_version": 0,
          "private": "eyJlMmJmYjczMC1lY2FhLTExZTYtOGY4OC0zNDM2M2JjN2M0YzAiOnsiY3JlYXRlIjo1NDAwMDAwMDAwMDAwLCJkZWxldGUiOjU0MDAwMDAwMDAwMDAsInJlYWQiOjMwMDAwMDAwMDAwMCwidXBkYXRlIjo1NDAwMDAwMDAwMDAwfX0="
        }
      ]
    }
  ],
  "check_results": null
}
